{"1.1.0",
[{<<"logi">>,{pkg,<<"logi">>,<<"0.5.5">>},0},
 {<<"prometheus">>,{pkg,<<"prometheus">>,<<"4.2.0">>},0}]}.
[
{pkg_hash,[
 {<<"logi">>, <<"EFFA690E0D1B4DB37E17E713356F86E3D90443D77A2B419701B35927FA10854A">>},
 {<<"prometheus">>, <<"06C58BFDFE28D3168B926DA614CB9A6D39593DEEBDE648A5480E32DFA3C370E9">>}]}
].
